# THIS IS AN AUTOGENERATED FILE. DO NOT EDIT THIS FILE DIRECTLY.
# yarn lockfile v1


"@nestjs/mapped-types@1.2.2":
  version "1.2.2"
  resolved "https://registry.yarnpkg.com/@nestjs/mapped-types/-/mapped-types-1.2.2.tgz#d9ddb143776e309dbc1a518ac1607fddac1e140e"
  integrity sha512-3dHxLXs3M0GPiriAcCFFJQHoDFUuzTD5w6JDhE7TyfT89YKpe6tcCCIqOZWdXmt9AZjjK30RkHRSFF+QEnWFQg==

"@nestjs/swagger@^6.2.1":
  version "6.2.1"
  resolved "https://registry.yarnpkg.com/@nestjs/swagger/-/swagger-6.2.1.tgz#38caa76ac00993ddc11a79dd24ab9f4392d2791d"
  integrity sha512-9M2vkfJHIzLqDZwvM5TEZO0MxRCvIb0xVy0LsmWwxH1lrb0z/4MhU+r2CWDhBtTccVJrKxVPiU2s3T3b9uUJbg==
  dependencies:
    "@nestjs/mapped-types" "1.2.2"
    js-yaml "4.1.0"
    lodash "4.17.21"
    path-to-regexp "3.2.0"
    swagger-ui-dist "4.15.5"

"@prisma/client@^4.10.1":
  version "4.10.1"
  resolved "https://registry.yarnpkg.com/@prisma/client/-/client-4.10.1.tgz#c47fd54661ee74b174cee63e9dc418ecf57a6ccd"
  integrity sha512-VonXLJZybdt8e5XZH5vnIGCRNnIh6OMX1FS3H/yzMGLT3STj5TJ/OkMcednrvELgk8PK89Vo3aSh51MWNO0axA==
  dependencies:
    "@prisma/engines-version" "4.10.1-2.aead147aa326ccb985dcfed5b065b4fdabd44b19"

"@prisma/engines-version@4.10.1-2.aead147aa326ccb985dcfed5b065b4fdabd44b19":
  version "4.10.1-2.aead147aa326ccb985dcfed5b065b4fdabd44b19"
  resolved "https://registry.yarnpkg.com/@prisma/engines-version/-/engines-version-4.10.1-2.aead147aa326ccb985dcfed5b065b4fdabd44b19.tgz#312359d9d00e39e323136d0270876293d315658e"
  integrity sha512-tsjTho7laDhf9EJ9EnDxAPEf7yrigSMDhniXeU4YoWc7azHAs4GPxRi2P9LTFonmHkJLMOLjR77J1oIP8Ife1w==

"@prisma/engines@4.10.1":
  version "4.10.1"
  resolved "https://registry.yarnpkg.com/@prisma/engines/-/engines-4.10.1.tgz#c7062747f254e5d5fce98a8cae566c25f9f29fb2"
  integrity sha512-B3tcTxjx196nuAu1GOTKO9cGPUgTFHYRdkPkTS4m5ptb2cejyBlH9X7GOfSt3xlI7p4zAJDshJP4JJivCg9ouA==

"@types/validator@^13.7.10":
  version "13.7.12"
  resolved "https://registry.yarnpkg.com/@types/validator/-/validator-13.7.12.tgz#a285379b432cc8d103b69d223cbb159a253cf2f7"
  integrity sha512-YVtyAPqpefU+Mm/qqnOANW6IkqKpCSrarcyV269C8MA8Ux0dbkEuQwM/4CjL47kVEM2LgBef/ETfkH+c6+moFA==

argparse@^2.0.1:
  version "2.0.1"
  resolved "https://registry.yarnpkg.com/argparse/-/argparse-2.0.1.tgz#246f50f3ca78a3240f6c997e8a9bd1eac49e4b38"
  integrity sha512-8+9WqebbFzpX9OR+Wa6O29asIogeRMzcGtAINdpMHHyAg10f05aSFVBbcEqGf/PXw1EjAZ+q2/bEBg3DvurK3Q==

class-validator@^0.14.0:
  version "0.14.0"
  resolved "https://registry.yarnpkg.com/class-validator/-/class-validator-0.14.0.tgz#40ed0ecf3c83b2a8a6a320f4edb607be0f0df159"
  integrity sha512-ct3ltplN8I9fOwUd8GrP8UQixwff129BkEtuWDKL5W45cQuLd19xqmTLu5ge78YDm/fdje6FMt0hGOhl0lii3A==
  dependencies:
    "@types/validator" "^13.7.10"
    libphonenumber-js "^1.10.14"
    validator "^13.7.0"

js-yaml@4.1.0:
  version "4.1.0"
  resolved "https://registry.yarnpkg.com/js-yaml/-/js-yaml-4.1.0.tgz#c1fb65f8f5017901cdd2c951864ba18458a10602"
  integrity sha512-wpxZs9NoxZaJESJGIZTyDEaYpl0FKSA+FB9aJiyemKhMwkxQg63h4T1KJgUGHpTqPDNRcmmYLugrRjJlBtWvRA==
  dependencies:
    argparse "^2.0.1"

libphonenumber-js@^1.10.14:
  version "1.10.20"
  resolved "https://registry.yarnpkg.com/libphonenumber-js/-/libphonenumber-js-1.10.20.tgz#03c310adf83381eeceb4bd6830442fd14e64964d"
  integrity sha512-kQovlKNdLcVzerbTPmJ+Fx4R+7/pYXmPDIllHjg7IxL4X6MsMG7jaT5opfYrBok0uqkByVif//JUR8e11l/V7w==

lodash@4.17.21:
  version "4.17.21"
  resolved "https://registry.yarnpkg.com/lodash/-/lodash-4.17.21.tgz#679591c564c3bffaae8454cf0b3df370c3d6911c"
  integrity sha512-v2kDEe57lecTulaDIuNTPy3Ry4gLGJ6Z1O3vE1krgXZNrsQ+LFTGHVxVjcXPs17LhbZVGedAJv8XZ1tvj5FvSg==

path-to-regexp@3.2.0:
  version "3.2.0"
  resolved "https://registry.yarnpkg.com/path-to-regexp/-/path-to-regexp-3.2.0.tgz#fa7877ecbc495c601907562222453c43cc204a5f"
  integrity sha512-jczvQbCUS7XmS7o+y1aEO9OBVFeZBQ1MDSEqmO7xSoPgOPoowY/SxLpZ6Vh97/8qHZOteiCKb7gkG9gA2ZUxJA==

prisma@^4.10.1:
  version "4.10.1"
  resolved "https://registry.yarnpkg.com/prisma/-/prisma-4.10.1.tgz#88084695d7b364ae6bebf93d5006f84439c4e7d1"
  integrity sha512-0jDxgg+DruB1kHVNlcspXQB9au62IFfVg9drkhzXudszHNUAQn0lVuu+T8np0uC2z1nKD5S3qPeCyR8u5YFLnA==
  dependencies:
    "@prisma/engines" "4.10.1"

swagger-ui-dist@4.15.5:
  version "4.15.5"
  resolved "https://registry.yarnpkg.com/swagger-ui-dist/-/swagger-ui-dist-4.15.5.tgz#cda226a79db2a9192579cc1f37ec839398a62638"
  integrity sha512-V3eIa28lwB6gg7/wfNvAbjwJYmDXy1Jo1POjyTzlB6wPcHiGlRxq39TSjYGVjQrUSAzpv+a7nzp7mDxgNy57xA==

validator@^13.7.0:
  version "13.9.0"
  resolved "https://registry.yarnpkg.com/validator/-/validator-13.9.0.tgz#33e7b85b604f3bbce9bb1a05d5c3e22e1c2ff855"
  integrity sha512-B+dGG8U3fdtM0/aNK4/X8CXq/EcxU2WPrPEkJGslb47qyHsxmbggTWK0yEA4qnYVNF+nxNlN88o14hIcPmSIEA==
